// !$*UTF8*$!
{
	archiveVersion = 1;
	classes = {
	};
	objectVersion = 50;
	objects = {

/* Begin PBXBuildFile section */
		2847A78223A40B7A00A29A43 /* AppDelegate.swift in Sources */ = {isa = PBXBuildFile; fileRef = 2847A78123A40B7A00A29A43 /* AppDelegate.swift */; };
		2847A78423A40B7A00A29A43 /* ViewController.swift in Sources */ = {isa = PBXBuildFile; fileRef = 2847A78323A40B7A00A29A43 /* ViewController.swift */; };
		2847A78723A40B7A00A29A43 /* Main.storyboard in Resources */ = {isa = PBXBuildFile; fileRef = 2847A78523A40B7A00A29A43 /* Main.storyboard */; };
		2847A78923A40B7C00A29A43 /* Assets.xcassets in Resources */ = {isa = PBXBuildFile; fileRef = 2847A78823A40B7C00A29A43 /* Assets.xcassets */; };
		2847A78C23A40B7C00A29A43 /* LaunchScreen.storyboard in Resources */ = {isa = PBXBuildFile; fileRef = 2847A78A23A40B7C00A29A43 /* LaunchScreen.storyboard */; };
		2847A79423A40B9B00A29A43 /* MaskedImageView.swift in Sources */ = {isa = PBXBuildFile; fileRef = 2847A79323A40B9B00A29A43 /* MaskedImageView.swift */; };
/* End PBXBuildFile section */

/* Begin PBXFileReference section */
		2847A77E23A40B7A00A29A43 /* MaskedImageView.app */ = {isa = PBXFileReference; explicitFileType = wrapper.application; includeInIndex = 0; path = MaskedImageView.app; sourceTree = BUILT_PRODUCTS_DIR; };
		2847A78123A40B7A00A29A43 /* AppDelegate.swift */ = {isa = PBXFileReference; lastKnownFileType = sourcecode.swift; path = AppDelegate.swift; sourceTree = "<group>"; };
		2847A78323A40B7A00A29A43 /* ViewController.swift */ = {isa = PBXFileReference; lastKnownFileType = sourcecode.swift; path = ViewController.swift; sourceTree = "<group>"; };
		2847A78623A40B7A00A29A43 /* Base */ = {isa = PBXFileReference; lastKnownFileType = file.storyboard; name = Base; path = Base.lproj/Main.storyboard; sourceTree = "<group>"; };
		2847A78823A40B7C00A29A43 /* Assets.xcassets */ = {isa = PBXFileReference; lastKnownFileType = folder.assetcatalog; path = Assets.xcassets; sourceTree = "<group>"; };
		2847A78B23A40B7C00A29A43 /* Base */ = {isa = PBXFileReference; lastKnownFileType = file.storyboard; name = Base; path = Base.lproj/LaunchScreen.storyboard; sourceTree = "<group>"; };
		2847A78D23A40B7C00A29A43 /* Info.plist */ = {isa = PBXFileReference; lastKnownFileType = text.plist.xml; path = Info.plist; sourceTree = "<group>"; };
		2847A79323A40B9B00A29A43 /* MaskedImageView.swift */ = {isa = PBXFileReference; lastKnownFileType = sourcecode.swift; path = MaskedImageView.swift; sourceTree = "<group>"; };
/* End PBXFileReference section */

/* Begin PBXFrameworksBuildPhase section */
		2847A77B23A40B7A00A29A43 /* Frameworks */ = {
			isa = PBXFrameworksBuildPhase;
			buildActionMask = 2147483647;
			files = (
			);
			runOnlyForDeploymentPostprocessing = 0;
		};
/* End PBXFrameworksBuildPhase section */

/* Begin PBXGroup section */
		2847A77523A40B7A00A29A43 = {
			isa = PBXGroup;
			children = (
				2847A78023A40B7A00A29A43 /* MaskedImageView */,
				2847A77F23A40B7A00A29A43 /* Products */,
			);
			sourceTree = "<group>";
		};
		2847A77F23A40B7A00A29A43 /* Products */ = {
			isa = PBXGroup;
			children = (
				2847A77E23A40B7A00A29A43 /* MaskedImageView.app */,
			);
			name = Products;
			sourceTree = "<group>";
		};
		2847A78023A40B7A00A29A43 /* MaskedImageView */ = {
			isa = PBXGroup;
			children = (
				2847A78123A40B7A00A29A43 /* AppDelegate.swift */,
				2847A78823A40B7C00A29A43 /* Assets.xcassets */,
				2847A78D23A40B7C00A29A43 /* Info.plist */,
				2847A78A23A40B7C00A29A43 /* LaunchScreen.storyboard */,
				2847A78523A40B7A00A29A43 /* Main.storyboard */,
				2847A79323A40B9B00A29A43 /* MaskedImageView.swift */,
				2847A78323A40B7A00A29A43 /* ViewController.swift */,
			);
			path = MaskedImageView;
			sourceTree = "<group>";
		};
/* End PBXGroup section */

/* Begin PBXNativeTarget section */
		2847A77D23A40B7A00A29A43 /* MaskedImageView */ = {
			isa = PBXNativeTarget;
			buildConfigurationList = 2847A79023A40B7C00A29A43 /* Build configuration list for PBXNativeTarget "MaskedImageView" */;
			buildPhases = (
				2847A77A23A40B7A00A29A43 /* Sources */,
				2847A77B23A40B7A00A29A43 /* Frameworks */,
				2847A77C23A40B7A00A29A43 /* Resources */,
			);
			buildRules = (
			);
			dependencies = (
			);
			name = MaskedImageView;
			productName = MaskedImageView;
			productReference = 2847A77E23A40B7A00A29A43 /* MaskedImageView.app */;
			productType = "com.apple.product-type.application";
		};
/* End PBXNativeTarget section */

/* Begin PBXProject section */
		2847A77623A40B7A00A29A43 /* Project object */ = {
			isa = PBXProject;
			attributes = {
				LastSwiftUpdateCheck = 1020;
				LastUpgradeCheck = 1020;
				ORGANIZATIONNAME = "Ahmed Khalaf";
				TargetAttributes = {
					2847A77D23A40B7A00A29A43 = {
						CreatedOnToolsVersion = 10.2.1;
					};
				};
			};
			buildConfigurationList = 2847A77923A40B7A00A29A43 /* Build configuration list for PBXProject "MaskedImageView" */;
			compatibilityVersion = "Xcode 9.3";
			developmentRegion = en;
			hasScannedForEncodings = 0;
			knownRegions = (
				en,
				Base,
			);
			mainGroup = 2847A77523A40B7A00A29A43;
			productRefGroup = 2847A77F23A40B7A00A29A43 /* Products */;
			projectDirPath = "";
			projectRoot = "";
			targets = (
				2847A77D23A40B7A00A29A43 /* MaskedImageView */,
			);
		};
/* End PBXProject section */

/* Begin PBXResourcesBuildPhase section */
		2847A77C23A40B7A00A29A43 /* Resources */ = {
			isa = PBXResourcesBuildPhase;
			buildActionMask = 2147483647;
			files = (
				2847A78C23A40B7C00A29A43 /* LaunchScreen.storyboard in Resources */,
				2847A78923A40B7C00A29A43 /* Assets.xcassets in Resources */,
				2847A78723A40B7A00A29A43 /* Main.storyboard in Resources */,
			);
			runOnlyForDeploymentPostprocessing = 0;
		};
/* End PBXResourcesBuildPhase section */

/* Begin PBXSourcesBuildPhase section */
		2847A77A23A40B7A00A29A43 /* Sources */ = {
			isa = PBXSourcesBuildPhase;
			buildActionMask = 2147483647;
			files = (
				2847A79423A40B9B00A29A43 /* MaskedImageView.swift in Sources */,
				2847A78423A40B7A00A29A43 /* ViewController.swift in Sources */,
				2847A78223A40B7A00A29A43 /* AppDelegate.swift in Sources */,
			);
			runOnlyForDeploymentPostprocessing = 0;
		};
/* End PBXSourcesBuildPhase section */

/* Begin PBXVariantGroup section */
		2847A78523A40B7A00A29A43 /* Main.storyboard */ = {
			isa = PBXVariantGroup;
			children = (
				2847A78623A40B7A00A29A43 /* Base */,
			);
			name = Main.storyboard;
			sourceTree = "<group>";
		};
		2847A78A23A40B7C00A29A43 /* LaunchScreen.storyboard */ = {
			isa = PBXVariantGroup;
			children = (
				2847A78B23A40B7C00A29A43 /* Base */,
			);
			name = LaunchScreen.storyboard;
			sourceTree = "<group>";
		};
/* End PBXVariantGroup section */

/* Begin XCBuildConfiguration section */
		2847A78E23A40B7C00A29A43 /* Debug */ = {
			isa = XCBuildConfiguration;
			buildSettings = {
				ALWAYS_SEARCH_USER_PATHS = NO;
				CLANG_ANALYZER_NONNULL = YES;
				CLANG_ANALYZER_NUMBER_OBJECT_CONVERSION = YES_AGGRESSIVE;
				CLANG_CXX_LANGUAGE_STANDARD = "gnu++14";
				CLANG_CXX_LIBRARY = "libc++";
				CLANG_ENABLE_MODULES = YES;
				CLANG_ENABLE_OBJC_ARC = YES;
				CLANG_ENABLE_OBJC_WEAK = YES;
				CLANG_WARN_BLOCK_CAPTURE_AUTORELEASING = YES;
				CLANG_WARN_BOOL_CONVERSION = YES;
				CLANG_WARN_COMMA = YES;
				CLANG_WARN_CONSTANT_CONVERSION = YES;
				CLANG_WARN_DEPRECATED_OBJC_IMPLEMENTATIONS = YES;
				CLANG_WARN_DIRECT_OBJC_ISA_USAGE = YES_ERROR;
				CLANG_WARN_DOCUMENTATION_COMMENTS = YES;
				CLANG_WARN_EMPTY_BODY = YES;
				CLANG_WARN_ENUM_CONVERSION = YES;
				CLANG_WARN_INFINITE_RECURSION = YES;
				CLANG_WARN_INT_CONVERSION = YES;
				CLANG_WARN_NON_LITERAL_NULL_CONVERSION = YES;
				CLANG_WARN_OBJC_IMPLICIT_RETAIN_SELF = YES;
				CLANG_WARN_OBJC_LITERAL_CONVERSION = YES;
				CLANG_WARN_OBJC_ROOT_CLASS = YES_ERROR;
				CLANG_WARN_RANGE_LOOP_ANALYSIS = YES;
				CLANG_WARN_STRICT_PROTOTYPES = YES;
				CLANG_WARN_SUSPICIOUS_MOVE = YES;
				CLANG_WARN_UNGUARDED_AVAILABILITY = YES_AGGRESSIVE;
				CLANG_WARN_UNREACHABLE_CODE = YES;
				CLANG_WARN__DUPLICATE_METHOD_MATCH = YES;
				CODE_SIGN_IDENTITY = "iPhone Developer";
				COPY_PHASE_STRIP = NO;
				DEBUG_INFORMATION_FORMAT = dwarf;
				ENABLE_STRICT_OBJC_MSGSEND = YES;
				ENABLE_TESTABILITY = YES;
				GCC_C_LANGUAGE_STANDARD = gnu11;
				GCC_DYNAMIC_NO_PIC = NO;
				GCC_NO_COMMON_BLOCKS = YES;
				GCC_OPTIMIZATION_LEVEL = 0;
				GCC_PREPROCESSOR_DEFINITIONS = (
					"DEBUG=1",
					"$(inherited)",
				);
				GCC_WARN_64_TO_32_BIT_CONVERSION = YES;
				GCC_WARN_ABOUT_RETURN_TYPE = YES_ERROR;
				GCC_WARN_UNDECLARED_SELECTOR = YES;
				GCC_WARN_UNINITIALIZED_AUTOS = YES_AGGRESSIVE;
				GCC_WARN_UNUSED_FUNCTION = YES;
				GCC_WARN_UNUSED_VARIABLE = YES;
				IPHONEOS_DEPLOYMENT_TARGET = 12.2;
				MTL_ENABLE_DEBUG_INFO = INCLUDE_SOURCE;
				MTL_FAST_MATH = YES;
				ONLY_ACTIVE_ARCH = YES;
				SDKROOT = iphoneos;
				SWIFT_ACTIVE_COMPILATION_CONDITIONS = DEBUG;
				SWIFT_OPTIMIZATION_LEVEL = "-Onone";
			};
			name = Debug;
		};
		2847A78F23A40B7C00A29A43 /* Release */ = {
			isa = XCBuildConfiguration;
			buildSettings = {
				ALWAYS_SEARCH_USER_PATHS = NO;
				CLANG_ANALYZER_NONNULL = YES;
				CLANG_ANALYZER_NUMBER_OBJECT_CONVERSION = YES_AGGRESSIVE;
				CLANG_CXX_LANGUAGE_STANDARD = "gnu++14";
				CLANG_CXX_LIBRARY = "libc++";
				CLANG_ENABLE_MODULES = YES;
				CLANG_ENABLE_OBJC_ARC = YES;
				CLANG_ENABLE_OBJC_WEAK = YES;
				CLANG_WARN_BLOCK_CAPTURE_AUTORELEASING = YES;
				CLANG_WARN_BOOL_CONVERSION = YES;
				CLANG_WARN_COMMA = YES;
				CLANG_WARN_CONSTANT_CONVERSION = YES;
				CLANG_WARN_DEPRECATED_OBJC_IMPLEMENTATIONS = YES;
				CLANG_WARN_DIRECT_OBJC_ISA_USAGE = YES_ERROR;
				CLANG_WARN_DOCUMENTATION_COMMENTS = YES;
				CLANG_WARN_EMPTY_BODY = YES;
				CLANG_WARN_ENUM_CONVERSION = YES;
				CLANG_WARN_INFINITE_RECURSION = YES;
				CLANG_WARN_INT_CONVERSION = YES;
				CLANG_WARN_NON_LITERAL_NULL_CONVERSION = YES;
				CLANG_WARN_OBJC_IMPLICIT_RETAIN_SELF = YES;
				CLANG_WARN_OBJC_LITERAL_CONVERSION = YES;
				CLANG_WARN_OBJC_ROOT_CLASS = YES_ERROR;
				CLANG_WARN_RANGE_LOOP_ANALYSIS = YES;
				CLANG_WARN_STRICT_PROTOTYPES = YES;
				CLANG_WARN_SUSPICIOUS_MOVE = YES;
				CLANG_WARN_UNGUARDED_AVAILABILITY = YES_AGGRESSIVE;
				CLANG_WARN_UNREACHABLE_CODE = YES;
				CLANG_WARN__DUPLICATE_METHOD_MATCH = YES;
				CODE_SIGN_IDENTITY = "iPhone Developer";
				COPY_PHASE_STRIP = NO;
				DEBUG_INFORMATION_FORMAT = "dwarf-with-dsym";
				ENABLE_NS_ASSERTIONS = NO;
				ENABLE_STRICT_OBJC_MSGSEND = YES;
				GCC_C_LANGUAGE_STANDARD = gnu11;
				GCC_NO_COMMON_BLOCKS = YES;
				GCC_WARN_64_TO_32_BIT_CONVERSION = YES;
				GCC_WARN_ABOUT_RETURN_TYPE = YES_ERROR;
				GCC_WARN_UNDECLARED_SELECTOR = YES;
				GCC_WARN_UNINITIALIZED_AUTOS = YES_AGGRESSIVE;
				GCC_WARN_UNUSED_FUNCTION = YES;
				GCC_WARN_UNUSED_VARIABLE = YES;
				IPHONEOS_DEPLOYMENT_TARGET = 12.2;
				MTL_ENABLE_DEBUG_INFO = NO;
				MTL_FAST_MATH = YES;
				SDKROOT = iphoneos;
				SWIFT_COMPILATION_MODE = wholemodule;
				SWIFT_OPTIMIZATION_LEVEL = "-O";
				VALIDATE_PRODUCT = YES;
			};
			name = Release;
		};
		2847A79123A40B7C00A29A43 /* Debug */ = {
			isa = XCBuildConfiguration;
			buildSettings = {
				ASSETCATALOG_COMPILER_APPICON_NAME = AppIcon;
				CODE_SIGN_STYLE = Automatic;
				INFOPLIST_FILE = MaskedImageView/Info.plist;
				LD_RUNPATH_SEARCH_PATHS = (
					"$(inherited)",
					"@executable_path/Frameworks",
				);
				PRODUCT_BUNDLE_IDENTIFIER = AK.MaskedImageView;
				PRODUCT_NAME = "$(TARGET_NAME)";
				SWIFT_VERSION = 5.0;
				TARGETED_DEVICE_FAMILY = "1,2";
			};
			name = Debug;
		};
		2847A79223A40B7C00A29A43 /* Release */ = {
			isa = XCBuildConfiguration;
			buildSettings = {
				ASSETCATALOG_COMPILER_APPICON_NAME = AppIcon;
				CODE_SIGN_STYLE = Automatic;
				INFOPLIST_FILE = MaskedImageView/Info.plist;
				LD_RUNPATH_SEARCH_PATHS = (
					"$(inherited)",
					"@executable_path/Frameworks",
				);
				PRODUCT_BUNDLE_IDENTIFIER = AK.MaskedImageView;
				PRODUCT_NAME = "$(TARGET_NAME)";
				SWIFT_VERSION = 5.0;
				TARGETED_DEVICE_FAMILY = "1,2";
			};
			name = Release;
		};
/* End XCBuildConfiguration section */

/* Begin XCConfigurationList section */
		2847A77923A40B7A00A29A43 /* Build configuration list for PBXProject "MaskedImageView" */ = {
			isa = XCConfigurationList;
			buildConfigurations = (
				2847A78E23A40B7C00A29A43 /* Debug */,
				2847A78F23A40B7C00A29A43 /* Release */,
			);
			defaultConfigurationIsVisible = 0;
			defaultConfigurationName = Release;
		};
		2847A79023A40B7C00A29A43 /* Build configuration list for PBXNativeTarget "MaskedImageView" */ = {
			isa = XCConfigurationList;
			buildConfigurations = (
				2847A79123A40B7C00A29A43 /* Debug */,
				2847A79223A40B7C00A29A43 /* Release */,
			);
			defaultConfigurationIsVisible = 0;
			defaultConfigurationName = Release;
		};
/* End XCConfigurationList section */
	};
	rootObject = 2847A77623A40B7A00A29A43 /* Project object */;
}
